
Microsoft Visual Studio Solution File, Format Version 12.00
# Visual Studio Version 16
VisualStudioVersion = 16.0.29613.14
MinimumVisualStudioVersion = 10.0.40219.1
Project("{FAE04EC0-301F-11D3-BF4B-00C04F79EFBC}") = "BasicInjector", "BasicInjector\BasicInjector.csproj", "{2CA1DBD7-D08A-48E5-B0A6-DC351B319BB3}"
EndProject
Global
	GlobalSection(SolutionConfigurationPlatforms) = preSolution
		Debug|Any CPU = Debug|Any CPU
		Release|Any CPU = Release|Any CPU
	EndGlobalSection
	GlobalSection(ProjectConfigurationPlatforms) = postSolution
		{2CA1DBD7-D08A-48E5-B0A6-DC351B319BB3}.Debug|Any CPU.ActiveCfg = Debug|Any CPU
		{2CA1DBD7-D08A-48E5-B0A6-DC351B319BB3}.Debug|Any CPU.Build.0 = Debug|Any CPU
		{2CA1DBD7-D08A-48E5-B0A6-DC351B319BB3}.Release|Any CPU.ActiveCfg = Release|Any CPU
		{2CA1DBD7-D08A-48E5-B0A6-DC351B319BB3}.Release|Any CPU.Build.0 = Release|Any CPU
	EndGlobalSection
	GlobalSection(SolutionProperties) = preSolution
		HideSolutionNode = FALSE
	EndGlobalSection
	GlobalSection(ExtensibilityGlobals) = postSolution
		SolutionGuid = {3B10084C-C40A-43C1-8266-3F06D77B8D14}
	EndGlobalSection
EndGlobal
